
Microsoft Visual Studio Solution File, Format Version 12.00
# Visual Studio 2012
Project("{FAE04EC0-301F-11D3-BF4B-00C04F79EFBC}") = "Login_Form[Databse]", "Login_Form[Databse]\Login_Form[Databse].csproj", "{EAF6EB81-DEF6-4836-BFDD-88CBD52671CE}"
EndProject
Global
	GlobalSection(SolutionConfigurationPlatforms) = preSolution
		Debug|Any CPU = Debug|Any CPU
		Release|Any CPU = Release|Any CPU
	EndGlobalSection
	GlobalSection(ProjectConfigurationPlatforms) = postSolution
		{EAF6EB81-DEF6-4836-BFDD-88CBD52671CE}.Debug|Any CPU.ActiveCfg = Debug|Any CPU
		{EAF6EB81-DEF6-4836-BFDD-88CBD52671CE}.Debug|Any CPU.Build.0 = Debug|Any CPU
		{EAF6EB81-DEF6-4836-BFDD-88CBD52671CE}.Release|Any CPU.ActiveCfg = Release|Any CPU
		{EAF6EB81-DEF6-4836-BFDD-88CBD52671CE}.Release|Any CPU.Build.0 = Release|Any CPU
	EndGlobalSection
	GlobalSection(SolutionProperties) = preSolution
		HideSolutionNode = FALSE
	EndGlobalSection
EndGlobal
